
Microsoft Visual Studio Solution File, Format Version 12.00
# Visual Studio Version 16
VisualStudioVersion = 16.0.32510.428
MinimumVisualStudioVersion = 10.0.40219.1
Project("{FAE04EC0-301F-11D3-BF4B-00C04F79EFBC}") = "AlarmKurma", "AlarmKurma\AlarmKurma.csproj", "{8E774942-E79F-4A54-AD08-FC95AFF1C478}"
EndProject
Global
	GlobalSection(SolutionConfigurationPlatforms) = preSolution
		Debug|Any CPU = Debug|Any CPU
		Release|Any CPU = Release|Any CPU
	EndGlobalSection
	GlobalSection(ProjectConfigurationPlatforms) = postSolution
		{8E774942-E79F-4A54-AD08-FC95AFF1C478}.Debug|Any CPU.ActiveCfg = Debug|Any CPU
		{8E774942-E79F-4A54-AD08-FC95AFF1C478}.Debug|Any CPU.Build.0 = Debug|Any CPU
		{8E774942-E79F-4A54-AD08-FC95AFF1C478}.Release|Any CPU.ActiveCfg = Release|Any CPU
		{8E774942-E79F-4A54-AD08-FC95AFF1C478}.Release|Any CPU.Build.0 = Release|Any CPU
	EndGlobalSection
	GlobalSection(SolutionProperties) = preSolution
		HideSolutionNode = FALSE
	EndGlobalSection
	GlobalSection(ExtensibilityGlobals) = postSolution
		SolutionGuid = {DFE2166F-1143-4CB9-A826-A26000808E2B}
	EndGlobalSection
EndGlobal
